{
  "name": "orienteering-route-builder",
  "version": "1.0.0",
  "lockfileVersion": 1,
  "requires": true,
  "dependencies": {
    "geolib": {
      "version": "3.3.1",
      "resolved": "https://registry.npmjs.org/geolib/-/geolib-3.3.1.tgz",
      "integrity": "sha512-sfahBXFcgELdpumDZV5b3KWiINkZxC5myAkLk067UUcTmTXaiE9SWmxMEHztn/Eus4JX6kesHxaIuZlniYgUtg=="
    },
    "js-combinatorics": {
      "version": "0.6.0",
      "resolved": "https://registry.npmjs.org/js-combinatorics/-/js-combinatorics-0.6.0.tgz",
      "integrity": "sha512-a9vvKh67uQwBEhiphj9QddFVFBCNKT8Ne3ytVEkhyhHN3cg9bMrToj36nTSaa9uSqWbsYVqLSNljfgSoo8TWJg=="
    },
    "v8-compile-cache": {
      "version": "2.1.1",
      "resolved": "https://registry.npmjs.org/v8-compile-cache/-/v8-compile-cache-2.1.1.tgz",
      "integrity": "sha512-8OQ9CL+VWyt3JStj7HX7/ciTL2V3Rl1Wf5OL+SNTm0yK1KvtReVulksyeRnCANHHuUxHlQig+JJDlUhBt1NQDQ=="
    }
  }
}
