{
  "name": "orienteering-route-builder",
  "version": "1.0.0",
  "lockfileVersion": 1,
  "requires": true,
  "dependencies": {
    "config": {
      "version": "3.3.1",
      "resolved": "https://registry.npmjs.org/config/-/config-3.3.1.tgz",
      "integrity": "sha512-+2/KaaaAzdwUBE3jgZON11L1ggLLhpf2FsGrfqYFHZW22ySGv/HqYIXrBwKKvn+XZh1UBUjHwAcrfsSkSygT+Q==",
      "requires": {
        "json5": "^2.1.1"
      }
    },
    "fluxunit": {
      "version": "1.4.0",
      "resolved": "https://registry.npmjs.org/fluxunit/-/fluxunit-1.4.0.tgz",
      "integrity": "sha512-8vXZ0TpbEOq5nV/BJEZTWZCGc+r7FI08nPlqsHWRk1kkQAr3oBkByFOIXDgJUosUmjHsR1xBHVuJwS/BhZK3Sw=="
    },
    "geolib": {
      "version": "3.3.1",
      "resolved": "https://registry.npmjs.org/geolib/-/geolib-3.3.1.tgz",
      "integrity": "sha512-sfahBXFcgELdpumDZV5b3KWiINkZxC5myAkLk067UUcTmTXaiE9SWmxMEHztn/Eus4JX6kesHxaIuZlniYgUtg=="
    },
    "js-combinatorics": {
      "version": "0.6.0",
      "resolved": "https://registry.npmjs.org/js-combinatorics/-/js-combinatorics-0.6.0.tgz",
      "integrity": "sha512-a9vvKh67uQwBEhiphj9QddFVFBCNKT8Ne3ytVEkhyhHN3cg9bMrToj36nTSaa9uSqWbsYVqLSNljfgSoo8TWJg=="
    },
    "json5": {
      "version": "2.1.3",
      "resolved": "https://registry.npmjs.org/json5/-/json5-2.1.3.tgz",
      "integrity": "sha512-KXPvOm8K9IJKFM0bmdn8QXh7udDh1g/giieX0NLCaMnb4hEiVFqnop2ImTXCc5e0/oHz3LTqmHGtExn5hfMkOA==",
      "requires": {
        "minimist": "^1.2.5"
      }
    },
    "minimist": {
      "version": "1.2.5",
      "resolved": "https://registry.npmjs.org/minimist/-/minimist-1.2.5.tgz",
      "integrity": "sha512-FM9nNUYrRBAELZQT3xeZQ7fmMOBg6nWNmJKTcgsJeaLstP/UODVpGsr5OhXhhXg6f+qtJ8uiZ+PUxkDWcgIXLw=="
    }
  }
}
